<?xml version="1.0" encoding="utf-8"?>
<Project ToolsVersion="4.0" xmlns="http://schemas.microsoft.com/developer/msbuild/2003">
  <ItemGroup>
    <Filter Include="Source Files">
      <UniqueIdentifier>{4FC737F1-C7A5-4376-A066-2A32D752A2FF}</UniqueIdentifier>
      <Extensions>cpp;c;cc;cxx;def;odl;idl;hpj;bat;asm;asmx</Extensions>
    </Filter>
    <Filter Include="Header Files">
      <UniqueIdentifier>{93995380-89BD-4b04-88EB-625FBE52EBFB}</UniqueIdentifier>
      <Extensions>h;hh;hpp;hxx;hm;inl;inc;xsd</Extensions>
    </Filter>
    <Filter Include="Resource Files">
      <UniqueIdentifier>{67DA6AB6-F800-4c08-8B7A-83BB121AAD01}</UniqueIdentifier>
      <Extensions>rc;ico;cur;bmp;dlg;rc2;rct;bin;rgs;gif;jpg;jpeg;jpe;resx;tiff;tif;png;wav;mfcribbon-ms</Extensions>
    </Filter>
  </ItemGroup>
  <ItemGroup>
    <ClInclude Include="..\HacdPlugin\src\vhacdICHull.h">
      <Filter>Source Files</Filter>
    </ClInclude>
    <ClInclude Include="..\HacdPlugin\src\vhacdManifoldMesh.h">
      <Filter>Source Files</Filter>
    </ClInclude>
    <ClInclude Include="..\HacdPlugin\src\vhacdMesh.h">
      <Filter>Source Files</Filter>
    </ClInclude>
    <ClInclude Include="..\HacdPlugin\src\vhacdMutex.h">
      <Filter>Source Files</Filter>
    </ClInclude>
    <ClInclude Include="..\HacdPlugin\src\vhacdRaycastMesh.h">
      <Filter>Source Files</Filter>
    </ClInclude>
    <ClInclude Include="..\HacdPlugin\src\vhacdSArray.h">
      <Filter>Source Files</Filter>
    </ClInclude>
    <ClInclude Include="..\HacdPlugin\src\vhacdTimer.h">
      <Filter>Source Files</Filter>
    </ClInclude>
    <ClInclude Include="..\HacdPlugin\src\vhacdVector.h">
      <Filter>Source Files</Filter>
    </ClInclude>
    <ClInclude Include="..\HacdPlugin\src\vhacdVHACD.h">
      <Filter>Source Files</Filter>
    </ClInclude>
    <ClInclude Include="..\HacdPlugin\src\vhacdVolume.h">
      <Filter>Source Files</Filter>
    </ClInclude>
    <ClInclude Include="..\HacdPlugin\src\btAlignedAllocator.h">
      <Filter>Source Files</Filter>
    </ClInclude>
    <ClInclude Include="..\HacdPlugin\src\btAlignedObjectArray.h">
      <Filter>Source Files</Filter>
    </ClInclude>
    <ClInclude Include="..\HacdPlugin\src\btConvexHullComputer.h">
      <Filter>Source Files</Filter>
    </ClInclude>
    <ClInclude Include="..\HacdPlugin\src\btMinMax.h">
      <Filter>Source Files</Filter>
    </ClInclude>
    <ClInclude Include="..\HacdPlugin\src\btScalar.h">
      <Filter>Source Files</Filter>
    </ClInclude>
    <ClInclude Include="..\HacdPlugin\src\btVector3.h">
      <Filter>Source Files</Filter>
    </ClInclude>
    <ClInclude Include="..\HacdPlugin\src\FloatMath.h">
      <Filter>Source Files</Filter>
    </ClInclude>
    <ClInclude Include="..\HacdPlugin\src\VHACD.h">
      <Filter>Source Files</Filter>
    </ClInclude>
    <ClInclude Include="..\HacdPlugin\src\vhacdCircularList.h">
      <Filter>Source Files</Filter>
    </ClInclude>
  </ItemGroup>
  <ItemGroup>
    <ClCompile Include="..\HacdPlugin\src\vhacdManifoldMesh.cpp">
      <Filter>Source Files</Filter>
    </ClCompile>
    <ClCompile Include="..\HacdPlugin\src\vhacdMesh.cpp">
      <Filter>Source Files</Filter>
    </ClCompile>
    <ClCompile Include="..\HacdPlugin\src\vhacdRaycastMesh.cpp">
      <Filter>Source Files</Filter>
    </ClCompile>
    <ClCompile Include="..\HacdPlugin\src\vhacdVolume.cpp">
      <Filter>Source Files</Filter>
    </ClCompile>
    <ClCompile Include="..\HacdPlugin\src\btAlignedAllocator.cpp">
      <Filter>Source Files</Filter>
    </ClCompile>
    <ClCompile Include="..\HacdPlugin\src\btConvexHullComputer.cpp">
      <Filter>Source Files</Filter>
    </ClCompile>
    <ClCompile Include="..\HacdPlugin\src\FloatMath.cpp">
      <Filter>Source Files</Filter>
    </ClCompile>
    <ClCompile Include="..\HacdPlugin\src\VHACD.cpp">
      <Filter>Source Files</Filter>
    </ClCompile>
    <ClCompile Include="..\HacdPlugin\src\VHACD-ASYNC.cpp">
      <Filter>Source Files</Filter>
    </ClCompile>
    <ClCompile Include="..\HacdPlugin\src\vhacdICHull.cpp">
      <Filter>Source Files</Filter>
    </ClCompile>
  </ItemGroup>
  <ItemGroup>
    <None Include="..\HacdPlugin\src\vhacdVector.inl">
      <Filter>Source Files</Filter>
    </None>
    <None Include="..\HacdPlugin\src\FloatMath.inl">
      <Filter>Source Files</Filter>
    </None>
    <None Include="..\HacdPlugin\src\vhacdCircularList.inl">
      <Filter>Source Files</Filter>
    </None>
  </ItemGroup>
</Project>